
Microsoft Visual Studio Solution File, Format Version 12.00
# Visual Studio Version 17
VisualStudioVersion = 17.13.35806.99 d17.13
MinimumVisualStudioVersion = 10.0.40219.1
Project("{FAE04EC0-301F-11D3-BF4B-00C04F79EFBC}") = "Students", "Students\Students.csproj", "{C9B40596-20BF-4E49-A85A-52DB1F9C8685}"
EndProject
Global
	GlobalSection(SolutionConfigurationPlatforms) = preSolution
		Debug|Any CPU = Debug|Any CPU
		Release|Any CPU = Release|Any CPU
	EndGlobalSection
	GlobalSection(ProjectConfigurationPlatforms) = postSolution
		{C9B40596-20BF-4E49-A85A-52DB1F9C8685}.Debug|Any CPU.ActiveCfg = Debug|Any CPU
		{C9B40596-20BF-4E49-A85A-52DB1F9C8685}.Debug|Any CPU.Build.0 = Debug|Any CPU
		{C9B40596-20BF-4E49-A85A-52DB1F9C8685}.Release|Any CPU.ActiveCfg = Release|Any CPU
		{C9B40596-20BF-4E49-A85A-52DB1F9C8685}.Release|Any CPU.Build.0 = Release|Any CPU
	EndGlobalSection
	GlobalSection(SolutionProperties) = preSolution
		HideSolutionNode = FALSE
	EndGlobalSection
	GlobalSection(ExtensibilityGlobals) = postSolution
		SolutionGuid = {C78BBE6B-8CD5-4984-BA71-DA1BCF43F889}
	EndGlobalSection
EndGlobal
